
Microsoft Visual Studio Solution File, Format Version 12.00
# Visual Studio 15
VisualStudioVersion = 15.0.28307.489
MinimumVisualStudioVersion = 10.0.40219.1
Project("{FAE04EC0-301F-11D3-BF4B-00C04F79EFBC}") = "TuCredito_WPF", "TuCredito_WPF\TuCredito_WPF.csproj", "{FB341606-6269-4C09-BF4A-1F755191FD04}"
EndProject
Global
	GlobalSection(SolutionConfigurationPlatforms) = preSolution
		Debug|Any CPU = Debug|Any CPU
		Release|Any CPU = Release|Any CPU
	EndGlobalSection
	GlobalSection(ProjectConfigurationPlatforms) = postSolution
		{FB341606-6269-4C09-BF4A-1F755191FD04}.Debug|Any CPU.ActiveCfg = Debug|Any CPU
		{FB341606-6269-4C09-BF4A-1F755191FD04}.Debug|Any CPU.Build.0 = Debug|Any CPU
		{FB341606-6269-4C09-BF4A-1F755191FD04}.Release|Any CPU.ActiveCfg = Release|Any CPU
		{FB341606-6269-4C09-BF4A-1F755191FD04}.Release|Any CPU.Build.0 = Release|Any CPU
	EndGlobalSection
	GlobalSection(SolutionProperties) = preSolution
		HideSolutionNode = FALSE
	EndGlobalSection
	GlobalSection(ExtensibilityGlobals) = postSolution
		SolutionGuid = {208D32DB-8717-45B4-A979-14E325912DF3}
	EndGlobalSection
EndGlobal
